{
  "requires": true,
  "lockfileVersion": 1,
  "dependencies": {
    "@essentials/request-timeout": {
      "version": "1.0.1",
      "resolved": "https://registry.npmjs.org/@essentials/request-timeout/-/request-timeout-1.0.1.tgz",
      "integrity": "sha512-31ronVRtN7bTKEwdMnh4/qvNT9pjHpKWt4HFTqNJAIbxeFlO2OLac1vSEH+c1deqkxK0h9wynMxmwRAmQinwwg==",
      "requires": {
        "performance-now": "2.1.0",
        "raf": "3.4.1"
      }
    },
    "@react-hook/hover": {
      "version": "1.0.1",
      "resolved": "https://registry.npmjs.org/@react-hook/hover/-/hover-1.0.1.tgz",
      "integrity": "sha512-tXT1xJhGLbWhNkwQsYVx2KGn6wLkREi76Aw4lDqUwNEG5QDIK6W0yJU3TINE8dlrJf+KB0sTrrRMeB/7mQM3+A=="
    },
    "@react-hook/mouse-position": {
      "version": "1.0.3",
      "resolved": "https://registry.npmjs.org/@react-hook/mouse-position/-/mouse-position-1.0.3.tgz",
      "integrity": "sha512-z1bB+KTOrIedrZBfjl/wFcLAv3yW1DjBC5BQAf3CDdMLZIfw/17dkVQ9VHkBRWbizxYL7A0F2+OUQy7BoWeiRw==",
      "requires": {
        "@essentials/request-timeout": "1.0.1",
        "@react-hook/hover": "1.0.1",
        "@react-hook/throttle": "1.0.5"
      }
    },
    "@react-hook/throttle": {
      "version": "1.0.5",
      "resolved": "https://registry.npmjs.org/@react-hook/throttle/-/throttle-1.0.5.tgz",
      "integrity": "sha512-PhXhTsFbfdn+0FmkgVA8Qyrtsd4CDlg9oCgEqRyEAcLK2c0ShLI5xK76Q46TLhTysJi61Db4wg6BZ1+aFEvcCA==",
      "requires": {
        "@essentials/request-timeout": "1.0.1"
      }
    },
    "performance-now": {
      "version": "2.1.0",
      "resolved": "https://registry.npmjs.org/performance-now/-/performance-now-2.1.0.tgz",
      "integrity": "sha1-Ywn04OX6kT7BxpMHrjZLSzd8nns="
    },
    "raf": {
      "version": "3.4.1",
      "resolved": "https://registry.npmjs.org/raf/-/raf-3.4.1.tgz",
      "integrity": "sha512-Sq4CW4QhwOHE8ucn6J34MqtZCeWFP2aQSmrlroYgqAV1PjStIhJXxYuTgUIfkEk7zTLjmIjLmU5q+fbD1NnOJA==",
      "requires": {
        "performance-now": "2.1.0"
      }
    }
  }
}
